{
  "name": "flitter-workspace",
  "version": "0.0.0",
  "lockfileVersion": 3,
  "requires": true,
  "packages": {
    "": {
      "name": "flitter-workspace",
      "version": "0.0.0",
      "devDependencies": {
        "turbo": "^2.4.0"
      }
    },
    "node_modules/.pnpm/turbo@2.8.10/node_modules/turbo": {
      "version": "2.8.10",
      "dev": true,
      "license": "MIT",
      "bin": {
        "turbo": "bin/turbo"
      },
      "optionalDependencies": {
        "turbo-darwin-64": "2.8.10",
        "turbo-darwin-arm64": "2.8.10",
        "turbo-linux-64": "2.8.10",
        "turbo-linux-arm64": "2.8.10",
        "turbo-windows-64": "2.8.10",
        "turbo-windows-arm64": "2.8.10"
      }
    },
    "node_modules/turbo": {
      "resolved": "node_modules/.pnpm/turbo@2.8.10/node_modules/turbo",
      "link": true
    },
    "node_modules/turbo-darwin-64": {
      "version": "2.8.10",
      "resolved": "https://registry.npmjs.org/turbo-darwin-64/-/turbo-darwin-64-2.8.10.tgz",
      "integrity": "sha512-A03fXh+B7S8mL3PbdhTd+0UsaGrhfyPkODvzBDpKRY7bbeac4MDFpJ7I+Slf2oSkCEeSvHKR7Z4U71uKRUfX7g==",
      "cpu": [
        "x64"
      ],
      "dev": true,
      "license": "MIT",
      "optional": true,
      "os": [
        "darwin"
      ]
    },
    "node_modules/turbo-darwin-arm64": {
      "version": "2.8.10",
      "resolved": "https://registry.npmjs.org/turbo-darwin-arm64/-/turbo-darwin-arm64-2.8.10.tgz",
      "integrity": "sha512-sidzowgWL3s5xCHLeqwC9M3s9M0i16W1nuQF3Mc7fPHpZ+YPohvcbVFBB2uoRRHYZg6yBnwD4gyUHKTeXfwtXA==",
      "cpu": [
        "arm64"
      ],
      "dev": true,
      "license": "MIT",
      "optional": true,
      "os": [
        "darwin"
      ]
    },
    "node_modules/turbo-linux-64": {
      "version": "2.8.10",
      "resolved": "https://registry.npmjs.org/turbo-linux-64/-/turbo-linux-64-2.8.10.tgz",
      "integrity": "sha512-YK9vcpL3TVtqonB021XwgaQhY9hJJbKKUhLv16osxV0HkcQASQWUqR56yMge7puh6nxU67rQlTq1b7ksR1T3KA==",
      "cpu": [
        "x64"
      ],
      "dev": true,
      "license": "MIT",
      "optional": true,
      "os": [
        "linux"
      ]
    },
    "node_modules/turbo-linux-arm64": {
      "version": "2.8.10",
      "resolved": "https://registry.npmjs.org/turbo-linux-arm64/-/turbo-linux-arm64-2.8.10.tgz",
      "integrity": "sha512-3+j2tL0sG95iBJTm+6J8/45JsETQABPqtFyYjVjBbi6eVGdtNTiBmHNKrbvXRlQ3ZbUG75bKLaSSDHSEEN+btQ==",
      "cpu": [
        "arm64"
      ],
      "dev": true,
      "license": "MIT",
      "optional": true,
      "os": [
        "linux"
      ]
    },
    "node_modules/turbo-windows-64": {
      "version": "2.8.10",
      "resolved": "https://registry.npmjs.org/turbo-windows-64/-/turbo-windows-64-2.8.10.tgz",
      "integrity": "sha512-hdeF5qmVY/NFgiucf8FW0CWJWtyT2QPm5mIsX0W1DXAVzqKVXGq+Zf+dg4EUngAFKjDzoBeN6ec2Fhajwfztkw==",
      "cpu": [
        "x64"
      ],
      "dev": true,
      "license": "MIT",
      "optional": true,
      "os": [
        "win32"
      ]
    },
    "node_modules/turbo-windows-arm64": {
      "version": "2.8.10",
      "resolved": "https://registry.npmjs.org/turbo-windows-arm64/-/turbo-windows-arm64-2.8.10.tgz",
      "integrity": "sha512-QGdr/Q8LWmj+ITMkSvfiz2glf0d7JG0oXVzGL3jxkGqiBI1zXFj20oqVY0qWi+112LO9SVrYdpHS0E/oGFrMbQ==",
      "cpu": [
        "arm64"
      ],
      "dev": true,
      "license": "MIT",
      "optional": true,
      "os": [
        "win32"
      ]
    }
  }
}
